
Microsoft Visual Studio Solution File, Format Version 12.00
# Visual Studio Version 17
VisualStudioVersion = 17.10.35027.167
MinimumVisualStudioVersion = 10.0.40219.1
Project("{2150E333-8FDC-42A3-9474-1A3956D46DE8}") = "Services", "Services", "{486493AE-F545-4DA3-91D6-AB2BDB28B2FE}"
EndProject
Project("{2150E333-8FDC-42A3-9474-1A3956D46DE8}") = "Catalog", "Catalog", "{D755C5DC-DF5B-4293-BAA7-E38F73127DD0}"
EndProject
Project("{9A19103F-16F7-4668-BE54-9A1E7A4F7556}") = "CatalogAPI", "Services\Catalog\CatalogAPI\CatalogAPI.csproj", "{E02EDE67-8FEB-4FD6-9AB1-04B56F5BBE6D}"
EndProject
Project("{2150E333-8FDC-42A3-9474-1A3956D46DE8}") = "BuildingBlocks", "BuildingBlocks", "{0A13CB8D-96A1-4033-B49A-6EA6F75C681B}"
EndProject
Project("{9A19103F-16F7-4668-BE54-9A1E7A4F7556}") = "BuildingBlocks", "BuildingBlocks\BuildingBlocks\BuildingBlocks.csproj", "{BE96E939-4034-48A6-A4F4-3FD45C74F1AB}"
EndProject
Project("{E53339B2-1760-4266-BCC7-CA923CBCF16C}") = "docker-compose", "docker-compose.dcproj", "{A52E9AB9-E51E-478E-90A0-61F387377058}"
EndProject
Project("{2150E333-8FDC-42A3-9474-1A3956D46DE8}") = "Basket", "Basket", "{745EE68A-4576-411E-917D-BBD72A1CAE10}"
EndProject
Project("{9A19103F-16F7-4668-BE54-9A1E7A4F7556}") = "Basket.API", "Services\Basket\Basket.API\Basket.API.csproj", "{E72E6139-ED69-454F-9898-0C5F758FD47E}"
EndProject
Project("{2150E333-8FDC-42A3-9474-1A3956D46DE8}") = "Discount", "Discount", "{C9634187-1D7F-4C4B-B5CF-70CE73EBCDA4}"
EndProject
Project("{9A19103F-16F7-4668-BE54-9A1E7A4F7556}") = "Discount.Grpc", "Services\Discount\Discount.Grpc\Discount.Grpc.csproj", "{0F9186E6-24E1-40D1-AB96-E228539D6864}"
EndProject
Project("{2150E333-8FDC-42A3-9474-1A3956D46DE8}") = "Ordering", "Ordering", "{9BCBD577-01F9-47E9-B22D-205112FE1A0A}"
EndProject
Project("{FAE04EC0-301F-11D3-BF4B-00C04F79EFBC}") = "Ordering.API", "Services\Ordering\Ordering.API\Ordering.API.csproj", "{A414D8B4-23C6-49C4-979B-57098B820B29}"
EndProject
Global
	GlobalSection(SolutionConfigurationPlatforms) = preSolution
		Debug|Any CPU = Debug|Any CPU
		Release|Any CPU = Release|Any CPU
	EndGlobalSection
	GlobalSection(ProjectConfigurationPlatforms) = postSolution
		{E02EDE67-8FEB-4FD6-9AB1-04B56F5BBE6D}.Debug|Any CPU.ActiveCfg = Debug|Any CPU
		{E02EDE67-8FEB-4FD6-9AB1-04B56F5BBE6D}.Debug|Any CPU.Build.0 = Debug|Any CPU
		{E02EDE67-8FEB-4FD6-9AB1-04B56F5BBE6D}.Release|Any CPU.ActiveCfg = Release|Any CPU
		{E02EDE67-8FEB-4FD6-9AB1-04B56F5BBE6D}.Release|Any CPU.Build.0 = Release|Any CPU
		{BE96E939-4034-48A6-A4F4-3FD45C74F1AB}.Debug|Any CPU.ActiveCfg = Debug|Any CPU
		{BE96E939-4034-48A6-A4F4-3FD45C74F1AB}.Debug|Any CPU.Build.0 = Debug|Any CPU
		{BE96E939-4034-48A6-A4F4-3FD45C74F1AB}.Release|Any CPU.ActiveCfg = Release|Any CPU
		{BE96E939-4034-48A6-A4F4-3FD45C74F1AB}.Release|Any CPU.Build.0 = Release|Any CPU
		{A52E9AB9-E51E-478E-90A0-61F387377058}.Debug|Any CPU.ActiveCfg = Debug|Any CPU
		{A52E9AB9-E51E-478E-90A0-61F387377058}.Debug|Any CPU.Build.0 = Debug|Any CPU
		{A52E9AB9-E51E-478E-90A0-61F387377058}.Release|Any CPU.ActiveCfg = Release|Any CPU
		{A52E9AB9-E51E-478E-90A0-61F387377058}.Release|Any CPU.Build.0 = Release|Any CPU
		{E72E6139-ED69-454F-9898-0C5F758FD47E}.Debug|Any CPU.ActiveCfg = Debug|Any CPU
		{E72E6139-ED69-454F-9898-0C5F758FD47E}.Debug|Any CPU.Build.0 = Debug|Any CPU
		{E72E6139-ED69-454F-9898-0C5F758FD47E}.Release|Any CPU.ActiveCfg = Release|Any CPU
		{E72E6139-ED69-454F-9898-0C5F758FD47E}.Release|Any CPU.Build.0 = Release|Any CPU
		{0F9186E6-24E1-40D1-AB96-E228539D6864}.Debug|Any CPU.ActiveCfg = Debug|Any CPU
		{0F9186E6-24E1-40D1-AB96-E228539D6864}.Debug|Any CPU.Build.0 = Debug|Any CPU
		{0F9186E6-24E1-40D1-AB96-E228539D6864}.Release|Any CPU.ActiveCfg = Release|Any CPU
		{0F9186E6-24E1-40D1-AB96-E228539D6864}.Release|Any CPU.Build.0 = Release|Any CPU
		{A414D8B4-23C6-49C4-979B-57098B820B29}.Debug|Any CPU.ActiveCfg = Debug|Any CPU
		{A414D8B4-23C6-49C4-979B-57098B820B29}.Debug|Any CPU.Build.0 = Debug|Any CPU
		{A414D8B4-23C6-49C4-979B-57098B820B29}.Release|Any CPU.ActiveCfg = Release|Any CPU
		{A414D8B4-23C6-49C4-979B-57098B820B29}.Release|Any CPU.Build.0 = Release|Any CPU
	EndGlobalSection
	GlobalSection(SolutionProperties) = preSolution
		HideSolutionNode = FALSE
	EndGlobalSection
	GlobalSection(NestedProjects) = preSolution
		{D755C5DC-DF5B-4293-BAA7-E38F73127DD0} = {486493AE-F545-4DA3-91D6-AB2BDB28B2FE}
		{E02EDE67-8FEB-4FD6-9AB1-04B56F5BBE6D} = {D755C5DC-DF5B-4293-BAA7-E38F73127DD0}
		{BE96E939-4034-48A6-A4F4-3FD45C74F1AB} = {0A13CB8D-96A1-4033-B49A-6EA6F75C681B}
		{745EE68A-4576-411E-917D-BBD72A1CAE10} = {486493AE-F545-4DA3-91D6-AB2BDB28B2FE}
		{E72E6139-ED69-454F-9898-0C5F758FD47E} = {745EE68A-4576-411E-917D-BBD72A1CAE10}
		{C9634187-1D7F-4C4B-B5CF-70CE73EBCDA4} = {486493AE-F545-4DA3-91D6-AB2BDB28B2FE}
		{0F9186E6-24E1-40D1-AB96-E228539D6864} = {C9634187-1D7F-4C4B-B5CF-70CE73EBCDA4}
		{9BCBD577-01F9-47E9-B22D-205112FE1A0A} = {486493AE-F545-4DA3-91D6-AB2BDB28B2FE}
		{A414D8B4-23C6-49C4-979B-57098B820B29} = {9BCBD577-01F9-47E9-B22D-205112FE1A0A}
	EndGlobalSection
	GlobalSection(ExtensibilityGlobals) = postSolution
		SolutionGuid = {DD09878D-1455-47FC-AFBC-7D86B581FD11}
	EndGlobalSection
EndGlobal
